{
  "requires": true,
  "lockfileVersion": 1,
  "dependencies": {
    "@types/core-js": {
      "version": "2.5.2",
      "resolved": "https://registry.npmjs.org/@types/core-js/-/core-js-2.5.2.tgz",
      "integrity": "sha512-+NPqjXgyA02xTHKJDeDca9u8Zr42ts6jhdND4C3PrPeQ35RJa0dmfAedXW7a9K4N1QcBbuWI1nSfGK4r1eVFCQ==",
      "dev": true
    },
    "videogular2": {
      "version": "7.0.1",
      "resolved": "https://registry.npmjs.org/videogular2/-/videogular2-7.0.1.tgz",
      "integrity": "sha512-nWsOGmyZEodK61ahF7EzWWoKn9DqsBdNRmvsZ5uz7jDgbEavABxWwgf4fWrHDgbizBNc9/VuyG5OwPZqkaW56w=="
    }
  }
}
